
Microsoft Visual Studio Solution File, Format Version 12.00
# Visual Studio 15
VisualStudioVersion = 15.0.28307.572
MinimumVisualStudioVersion = 10.0.40219.1
Project("{9A19103F-16F7-4668-BE54-9A1E7A4F7556}") = "E-Procurement.Data", "src\E-Procurement.Data\E-Procurement.Data.csproj", "{A9534FC3-6182-415B-B779-78937207ABF6}"
EndProject
Project("{9A19103F-16F7-4668-BE54-9A1E7A4F7556}") = "E-Procurement.Repository", "src\E-Procurement.Repository\E-Procurement.Repository.csproj", "{A3F30B53-B1A9-469F-B656-F284DA0E5E0F}"
EndProject
Project("{FAE04EC0-301F-11D3-BF4B-00C04F79EFBC}") = "E-Procurement.WebUI", "src\E-Procurement.WebUI\E-Procurement.WebUI.csproj", "{BD870D39-C967-449D-B1AE-EE519249C8FB}"
EndProject
Global
	GlobalSection(SolutionConfigurationPlatforms) = preSolution
		Debug|Any CPU = Debug|Any CPU
		Release|Any CPU = Release|Any CPU
	EndGlobalSection
	GlobalSection(ProjectConfigurationPlatforms) = postSolution
		{A9534FC3-6182-415B-B779-78937207ABF6}.Debug|Any CPU.ActiveCfg = Debug|Any CPU
		{A9534FC3-6182-415B-B779-78937207ABF6}.Debug|Any CPU.Build.0 = Debug|Any CPU
		{A9534FC3-6182-415B-B779-78937207ABF6}.Release|Any CPU.ActiveCfg = Release|Any CPU
		{A9534FC3-6182-415B-B779-78937207ABF6}.Release|Any CPU.Build.0 = Release|Any CPU
		{A3F30B53-B1A9-469F-B656-F284DA0E5E0F}.Debug|Any CPU.ActiveCfg = Debug|Any CPU
		{A3F30B53-B1A9-469F-B656-F284DA0E5E0F}.Debug|Any CPU.Build.0 = Debug|Any CPU
		{A3F30B53-B1A9-469F-B656-F284DA0E5E0F}.Release|Any CPU.ActiveCfg = Release|Any CPU
		{A3F30B53-B1A9-469F-B656-F284DA0E5E0F}.Release|Any CPU.Build.0 = Release|Any CPU
		{BD870D39-C967-449D-B1AE-EE519249C8FB}.Debug|Any CPU.ActiveCfg = Debug|Any CPU
		{BD870D39-C967-449D-B1AE-EE519249C8FB}.Debug|Any CPU.Build.0 = Debug|Any CPU
		{BD870D39-C967-449D-B1AE-EE519249C8FB}.Release|Any CPU.ActiveCfg = Release|Any CPU
		{BD870D39-C967-449D-B1AE-EE519249C8FB}.Release|Any CPU.Build.0 = Release|Any CPU
	EndGlobalSection
	GlobalSection(SolutionProperties) = preSolution
		HideSolutionNode = FALSE
	EndGlobalSection
	GlobalSection(ExtensibilityGlobals) = postSolution
		SolutionGuid = {E001C896-42C6-4E67-88CD-714BCE8CA7A9}
	EndGlobalSection
EndGlobal
